
Microsoft Visual Studio Solution File, Format Version 12.00
# Visual Studio Version 16
VisualStudioVersion = 16.0.31112.23
MinimumVisualStudioVersion = 10.0.40219.1
Project("{FAE04EC0-301F-11D3-BF4B-00C04F79EFBC}") = "WebAppCafeteria", "WebAppCafeteria\WebAppCafeteria.csproj", "{256E7BC3-9AC7-47B5-B3A2-CE868B22684D}"
EndProject
Project("{FAE04EC0-301F-11D3-BF4B-00C04F79EFBC}") = "WebServiceCafeteria", "ServiceWebCafeteria\WebServiceCafeteria.csproj", "{4F912086-FCA0-4D13-934E-630940A98A1F}"
EndProject
Global
	GlobalSection(SolutionConfigurationPlatforms) = preSolution
		Debug|Any CPU = Debug|Any CPU
		Release|Any CPU = Release|Any CPU
	EndGlobalSection
	GlobalSection(ProjectConfigurationPlatforms) = postSolution
		{256E7BC3-9AC7-47B5-B3A2-CE868B22684D}.Debug|Any CPU.ActiveCfg = Debug|Any CPU
		{256E7BC3-9AC7-47B5-B3A2-CE868B22684D}.Debug|Any CPU.Build.0 = Debug|Any CPU
		{256E7BC3-9AC7-47B5-B3A2-CE868B22684D}.Release|Any CPU.ActiveCfg = Release|Any CPU
		{256E7BC3-9AC7-47B5-B3A2-CE868B22684D}.Release|Any CPU.Build.0 = Release|Any CPU
		{4F912086-FCA0-4D13-934E-630940A98A1F}.Debug|Any CPU.ActiveCfg = Debug|Any CPU
		{4F912086-FCA0-4D13-934E-630940A98A1F}.Debug|Any CPU.Build.0 = Debug|Any CPU
		{4F912086-FCA0-4D13-934E-630940A98A1F}.Release|Any CPU.ActiveCfg = Release|Any CPU
		{4F912086-FCA0-4D13-934E-630940A98A1F}.Release|Any CPU.Build.0 = Release|Any CPU
	EndGlobalSection
	GlobalSection(SolutionProperties) = preSolution
		HideSolutionNode = FALSE
	EndGlobalSection
	GlobalSection(ExtensibilityGlobals) = postSolution
		SolutionGuid = {A8758B0C-8217-46BC-9154-657C65A1FA6E}
	EndGlobalSection
EndGlobal
